hash: 6c85619a888c7e27fad0061e6fbd25a90f63287193a57c28f0574993560fab8d
updated: 2019-03-29T15:48:12.326654+08:00
imports:
- name: github.com/fsnotify/fsnotify
  version: ccc981bf80385c528a65fbfdd49bf2d8da22aa23
- name: github.com/gin-contrib/sse
  version: 5545eab6dad3bbbd6c5ae9186383c2a9d23c0dae
- name: github.com/gin-gonic/gin
  version: b869fe1415e4b9eb52f247441830d502aece2d4d
  subpackages:
  - binding
  - json
  - render
- name: github.com/golang/protobuf
  version: b5d812f8a3706043e23a9cd5babf2e5423744d30
  subpackages:
  - proto
- name: github.com/hashicorp/hcl
  version: 65a6292f0157eff210d03ed1bf6c59b190b8b906
  subpackages:
  - hcl/ast
  - hcl/parser
  - hcl/printer
  - hcl/scanner
  - hcl/strconv
  - hcl/token
  - json/parser
  - json/scanner
  - json/token
- name: github.com/json-iterator/go
  version: 5bc93205020f6311d7e4a34f82c5616a18ec35e5
- name: github.com/magiconair/properties
  version: 7757cc9fdb852f7579b24170bcacda2c7471bb6a
- name: github.com/mattn/go-isatty
  version: 369ecd8cea9851e459abb67eb171853e3986591e
- name: github.com/mitchellh/mapstructure
  version: 3536a929edddb9a5b34bd6861dc4a9647cb459fe
- name: github.com/modern-go/concurrent
  version: bacd9c7ef1dd9b15be4a9909b8ac7a4e313eec94
- name: github.com/modern-go/reflect2
  version: 94122c33edd36123c84d5368cfb2b69df93a0ec8
- name: github.com/pelletier/go-toml
  version: bef2d19cb02636f36436cf436ec0bfb28c30195b
- name: github.com/spf13/afero
  version: f4711e4db9e9a1d3887343acb72b2bbfc2f686f5
  subpackages:
  - mem
- name: github.com/spf13/cast
  version: 8c9545af88b134710ab1cd196795e7f2388358d7
- name: github.com/spf13/jwalterweatherman
  version: 94f6ae3ed3bceceafa716478c5fbf8d29ca601a1
- name: github.com/spf13/pflag
  version: 24fa6976df40757dce6aea913e7b81ade90530e1
- name: github.com/spf13/viper
  version: 6d33b5a963d922d182c91e8a1c88d81fd150cfd4
- name: github.com/ugorji/go
  version: e444a5086c436778cf9281a7059a3d58b9e17935
  subpackages:
  - codec
- name: go.mongodb.org/mongo-driver
  version: 1c3b9b9a41eecdf056560e07b68e6407b8d598c3
  subpackages:
  - mongo
- name: golang.org/x/sys
  version: a98ae47d97a5abb3a3e9045da36315f9f8312970
  subpackages:
  - unix
- name: golang.org/x/text
  version: 6f44c5a2ea40ee3593d98cdcc905cc1fdaa660e2
  subpackages:
  - transform
  - unicode/norm
- name: gopkg.in/go-playground/validator.v8
  version: 5f1438d3fca68893a817e4a66806cea46a9e4ebf
- name: gopkg.in/yaml.v2
  version: 51d6538a90f86fe93ac480b35f37b2be17fef232
testImports: []
